
Microsoft Visual Studio Solution File, Format Version 12.00
# Visual Studio 2013
VisualStudioVersion = 12.0.21005.1
MinimumVisualStudioVersion = 10.0.40219.1
Project("{8BC9CEB8-8B4A-11D0-8D11-00A0C91BC942}") = "No-ckback", "No-ckback\No-ckback.vcxproj", "{FFD38731-88B4-4869-B83F-0F28771DE743}"
EndProject
Global
	GlobalSection(SolutionConfigurationPlatforms) = preSolution
		Debug|Win32 = Debug|Win32
		Release|Win32 = Release|Win32
	EndGlobalSection
	GlobalSection(ProjectConfigurationPlatforms) = postSolution
		{FFD38731-88B4-4869-B83F-0F28771DE743}.Debug|Win32.ActiveCfg = Debug|Win32
		{FFD38731-88B4-4869-B83F-0F28771DE743}.Debug|Win32.Build.0 = Debug|Win32
		{FFD38731-88B4-4869-B83F-0F28771DE743}.Release|Win32.ActiveCfg = Release|Win32
		{FFD38731-88B4-4869-B83F-0F28771DE743}.Release|Win32.Build.0 = Release|Win32
	EndGlobalSection
	GlobalSection(SolutionProperties) = preSolution
		HideSolutionNode = FALSE
	EndGlobalSection
EndGlobal
